{
  "requires": true,
  "lockfileVersion": 1,
  "dependencies": {
    "@nuxt/opencollective": {
      "version": "0.3.3",
      "resolved": "https://artifactory.corp.creditkarma.com:8443/api/npm/npmjs/@nuxt/opencollective/-/opencollective-0.3.3.tgz",
      "integrity": "sha1-gP8OuPb8odDtWgibloj0G/8t2Ks=",
      "requires": {
        "chalk": "^4.1.0",
        "consola": "^2.15.0",
        "node-fetch": "^2.6.7"
      }
    },
    "ansi-styles": {
      "version": "4.3.0",
      "resolved": "https://artifactory.corp.creditkarma.com:8443/api/npm/npmjs/ansi-styles/-/ansi-styles-4.3.0.tgz",
      "integrity": "sha1-7dgDYornHATIWuegkG7a00tkiTc=",
      "requires": {
        "color-convert": "^2.0.1"
      }
    },
    "bootstrap": {
      "version": "5.2.1",
      "resolved": "https://artifactory.corp.creditkarma.com:8443/api/npm/npmjs/bootstrap/-/bootstrap-5.2.1.tgz",
      "integrity": "sha1-Rfl/8Fy+goutgHsBTYQl86647Do="
    },
    "bootstrap-vue": {
      "version": "2.22.0",
      "resolved": "https://artifactory.corp.creditkarma.com:8443/api/npm/npmjs/bootstrap-vue/-/bootstrap-vue-2.22.0.tgz",
      "integrity": "sha1-Kz15JtJK8L0ondznunawcACqs+U=",
      "requires": {
        "@nuxt/opencollective": "^0.3.2",
        "bootstrap": "^4.6.1",
        "popper.js": "^1.16.1",
        "portal-vue": "^2.1.7",
        "vue-functional-data-merge": "^3.1.0"
      },
      "dependencies": {
        "bootstrap": {
          "version": "4.6.2",
          "resolved": "https://artifactory.corp.creditkarma.com:8443/api/npm/npmjs/bootstrap/-/bootstrap-4.6.2.tgz",
          "integrity": "sha1-jgzWFhFyilv2WjorjW/2x31ddHk="
        }
      }
    },
    "bootstrap-vue-editable-table": {
      "version": "0.1.7",
      "resolved": "https://artifactory.corp.creditkarma.com:8443/api/npm/npmjs/bootstrap-vue-editable-table/-/bootstrap-vue-editable-table-0.1.7.tgz",
      "integrity": "sha1-CtlpzQalIMmBMLPOSjL9Y1BFoes="
    },
    "chalk": {
      "version": "4.1.2",
      "resolved": "https://artifactory.corp.creditkarma.com:8443/api/npm/npmjs/chalk/-/chalk-4.1.2.tgz",
      "integrity": "sha1-qsTit3NKdAhnrrFr8CqtVWoeegE=",
      "requires": {
        "ansi-styles": "^4.1.0",
        "supports-color": "^7.1.0"
      }
    },
    "color-convert": {
      "version": "2.0.1",
      "resolved": "https://artifactory.corp.creditkarma.com:8443/api/npm/npmjs/color-convert/-/color-convert-2.0.1.tgz",
      "integrity": "sha1-ctOmjVmMm9s68q0ehPIdiWq9TeM=",
      "requires": {
        "color-name": "~1.1.4"
      }
    },
    "color-name": {
      "version": "1.1.4",
      "resolved": "https://artifactory.corp.creditkarma.com:8443/api/npm/npmjs/color-name/-/color-name-1.1.4.tgz",
      "integrity": "sha1-wqCah6y95pVD3m9j+jmVyCbFNqI="
    },
    "consola": {
      "version": "2.15.3",
      "resolved": "https://artifactory.corp.creditkarma.com:8443/api/npm/npmjs/consola/-/consola-2.15.3.tgz",
      "integrity": "sha1-LhH5jWpL5x/3LgvfB70j4Sy2FVA="
    },
    "has-flag": {
      "version": "4.0.0",
      "resolved": "https://artifactory.corp.creditkarma.com:8443/api/npm/npmjs/has-flag/-/has-flag-4.0.0.tgz",
      "integrity": "sha1-lEdx/ZyByBJlxNaUGGDaBrtZR5s="
    },
    "node-fetch": {
      "version": "2.6.7",
      "resolved": "https://artifactory.corp.creditkarma.com:8443/api/npm/npmjs/node-fetch/-/node-fetch-2.6.7.tgz",
      "integrity": "sha1-JN6fuoJ+O0rkTciyAlajeRYAUq0=",
      "requires": {
        "whatwg-url": "^5.0.0"
      }
    },
    "popper.js": {
      "version": "1.16.1",
      "resolved": "https://artifactory.corp.creditkarma.com:8443/api/npm/npmjs/popper.js/-/popper.js-1.16.1.tgz",
      "integrity": "sha1-KiI8s9x7YhPXQOQDcr5A3kPmWxs="
    },
    "portal-vue": {
      "version": "2.1.7",
      "resolved": "https://artifactory.corp.creditkarma.com:8443/api/npm/npmjs/portal-vue/-/portal-vue-2.1.7.tgz",
      "integrity": "sha1-6ggGmyW2QMoIpbhvZ8YS8V9OStQ="
    },
    "supports-color": {
      "version": "7.2.0",
      "resolved": "https://artifactory.corp.creditkarma.com:8443/api/npm/npmjs/supports-color/-/supports-color-7.2.0.tgz",
      "integrity": "sha1-G33NyzK4E4gBs+R4umpRyqiWSNo=",
      "requires": {
        "has-flag": "^4.0.0"
      }
    },
    "tr46": {
      "version": "0.0.3",
      "resolved": "https://artifactory.corp.creditkarma.com:8443/api/npm/npmjs/tr46/-/tr46-0.0.3.tgz",
      "integrity": "sha1-gYT9NH2snNwYWZLzpmIuFLnZq2o="
    },
    "vue-functional-data-merge": {
      "version": "3.1.0",
      "resolved": "https://artifactory.corp.creditkarma.com:8443/api/npm/npmjs/vue-functional-data-merge/-/vue-functional-data-merge-3.1.0.tgz",
      "integrity": "sha1-CKd5dYO381aAWH+KHVHXKaodxlc="
    },
    "webidl-conversions": {
      "version": "3.0.1",
      "resolved": "https://artifactory.corp.creditkarma.com:8443/api/npm/npmjs/webidl-conversions/-/webidl-conversions-3.0.1.tgz",
      "integrity": "sha1-JFNCdeKnvGvnvIZhHMFq4KVlSHE="
    },
    "whatwg-url": {
      "version": "5.0.0",
      "resolved": "https://artifactory.corp.creditkarma.com:8443/api/npm/npmjs/whatwg-url/-/whatwg-url-5.0.0.tgz",
      "integrity": "sha1-lmRU6HZUYuN2RNNib2dCzotwll0=",
      "requires": {
        "tr46": "~0.0.3",
        "webidl-conversions": "^3.0.0"
      }
    }
  }
}
